
Microsoft Visual Studio Solution File, Format Version 12.00
# Visual Studio 15
VisualStudioVersion = 15.0.27428.2043
MinimumVisualStudioVersion = 10.0.40219.1
Project("{888888A0-9F3D-457C-B088-3A5042F75D52}") = "alien_invasion", "alien_invasion\alien_invasion.pyproj", "{B9BD427D-BB81-43EA-AD11-738E19E3A184}"
EndProject
Global
	GlobalSection(SolutionConfigurationPlatforms) = preSolution
		Debug|Any CPU = Debug|Any CPU
		Release|Any CPU = Release|Any CPU
	EndGlobalSection
	GlobalSection(ProjectConfigurationPlatforms) = postSolution
		{B9BD427D-BB81-43EA-AD11-738E19E3A184}.Debug|Any CPU.ActiveCfg = Debug|Any CPU
		{B9BD427D-BB81-43EA-AD11-738E19E3A184}.Release|Any CPU.ActiveCfg = Release|Any CPU
	EndGlobalSection
	GlobalSection(SolutionProperties) = preSolution
		HideSolutionNode = FALSE
	EndGlobalSection
	GlobalSection(ExtensibilityGlobals) = postSolution
		SolutionGuid = {3FEC629C-A910-4D22-A7BC-EF279FA156BE}
	EndGlobalSection
EndGlobal
